
Microsoft Visual Studio Solution File, Format Version 12.00
# Visual Studio 15
VisualStudioVersion = 15.0.27130.2010
MinimumVisualStudioVersion = 10.0.40219.1
Project("{9A19103F-16F7-4668-BE54-9A1E7A4F7556}") = "Grpc.Extensions.DependencyInjection", "src\Grpc.Extensions.DependencyInjection.csproj", "{55A4187C-67D8-4FC7-85B2-208F35DE9A95}"
EndProject
Project("{9A19103F-16F7-4668-BE54-9A1E7A4F7556}") = "Grpc.TestServer", "test\Grpc.TestServer\Grpc.TestServer.csproj", "{C112A7D6-C711-45AC-B87F-B64F86719146}"
EndProject
Project("{9A19103F-16F7-4668-BE54-9A1E7A4F7556}") = "Greeter", "..\grpc\examples\csharp\Helloworld\Greeter\Greeter.csproj", "{98043C84-AB49-465F-AC14-7D76B4CC8D71}"
EndProject
Global
	GlobalSection(SolutionConfigurationPlatforms) = preSolution
		Debug|Any CPU = Debug|Any CPU
		Release|Any CPU = Release|Any CPU
	EndGlobalSection
	GlobalSection(ProjectConfigurationPlatforms) = postSolution
		{55A4187C-67D8-4FC7-85B2-208F35DE9A95}.Debug|Any CPU.ActiveCfg = Debug|Any CPU
		{55A4187C-67D8-4FC7-85B2-208F35DE9A95}.Debug|Any CPU.Build.0 = Debug|Any CPU
		{55A4187C-67D8-4FC7-85B2-208F35DE9A95}.Release|Any CPU.ActiveCfg = Release|Any CPU
		{55A4187C-67D8-4FC7-85B2-208F35DE9A95}.Release|Any CPU.Build.0 = Release|Any CPU
		{C112A7D6-C711-45AC-B87F-B64F86719146}.Debug|Any CPU.ActiveCfg = Debug|Any CPU
		{C112A7D6-C711-45AC-B87F-B64F86719146}.Debug|Any CPU.Build.0 = Debug|Any CPU
		{C112A7D6-C711-45AC-B87F-B64F86719146}.Release|Any CPU.ActiveCfg = Release|Any CPU
		{C112A7D6-C711-45AC-B87F-B64F86719146}.Release|Any CPU.Build.0 = Release|Any CPU
		{98043C84-AB49-465F-AC14-7D76B4CC8D71}.Debug|Any CPU.ActiveCfg = Debug|Any CPU
		{98043C84-AB49-465F-AC14-7D76B4CC8D71}.Debug|Any CPU.Build.0 = Debug|Any CPU
		{98043C84-AB49-465F-AC14-7D76B4CC8D71}.Release|Any CPU.ActiveCfg = Release|Any CPU
		{98043C84-AB49-465F-AC14-7D76B4CC8D71}.Release|Any CPU.Build.0 = Release|Any CPU
	EndGlobalSection
	GlobalSection(SolutionProperties) = preSolution
		HideSolutionNode = FALSE
	EndGlobalSection
	GlobalSection(ExtensibilityGlobals) = postSolution
		SolutionGuid = {F304DF6E-5B90-43CB-BFD7-06EFF042CBB0}
	EndGlobalSection
EndGlobal
